
Microsoft Visual Studio Solution File, Format Version 12.00
# Visual Studio Version 17
VisualStudioVersion = 17.5.002.0
MinimumVisualStudioVersion = 10.0.40219.1
Project("{9A19103F-16F7-4668-BE54-9A1E7A4F7556}") = "Test", "Test.csproj", "{AB98EFF2-92B5-47C1-A49D-DE6302397355}"
EndProject
Global
	GlobalSection(SolutionConfigurationPlatforms) = preSolution
		Debug|Any CPU = Debug|Any CPU
		Release|Any CPU = Release|Any CPU
	EndGlobalSection
	GlobalSection(ProjectConfigurationPlatforms) = postSolution
		{AB98EFF2-92B5-47C1-A49D-DE6302397355}.Debug|Any CPU.ActiveCfg = Debug|Any CPU
		{AB98EFF2-92B5-47C1-A49D-DE6302397355}.Debug|Any CPU.Build.0 = Debug|Any CPU
		{AB98EFF2-92B5-47C1-A49D-DE6302397355}.Release|Any CPU.ActiveCfg = Release|Any CPU
		{AB98EFF2-92B5-47C1-A49D-DE6302397355}.Release|Any CPU.Build.0 = Release|Any CPU
	EndGlobalSection
	GlobalSection(SolutionProperties) = preSolution
		HideSolutionNode = FALSE
	EndGlobalSection
	GlobalSection(ExtensibilityGlobals) = postSolution
		SolutionGuid = {5930AF92-FD94-452B-BF7C-3EBB16C2D48D}
	EndGlobalSection
EndGlobal
